
Microsoft Visual Studio Solution File, Format Version 12.00
# Visual Studio 15
VisualStudioVersion = 15.0.27428.2015
MinimumVisualStudioVersion = 10.0.40219.1
Project("{FAE04EC0-301F-11D3-BF4B-00C04F79EFBC}") = "testni", "testni\testni.csproj", "{7C239EB3-2F31-4548-A6AF-3009CD799D7D}"
EndProject
Global
	GlobalSection(SolutionConfigurationPlatforms) = preSolution
		Debug|Any CPU = Debug|Any CPU
		Release|Any CPU = Release|Any CPU
	EndGlobalSection
	GlobalSection(ProjectConfigurationPlatforms) = postSolution
		{7C239EB3-2F31-4548-A6AF-3009CD799D7D}.Debug|Any CPU.ActiveCfg = Debug|Any CPU
		{7C239EB3-2F31-4548-A6AF-3009CD799D7D}.Debug|Any CPU.Build.0 = Debug|Any CPU
		{7C239EB3-2F31-4548-A6AF-3009CD799D7D}.Release|Any CPU.ActiveCfg = Release|Any CPU
		{7C239EB3-2F31-4548-A6AF-3009CD799D7D}.Release|Any CPU.Build.0 = Release|Any CPU
	EndGlobalSection
	GlobalSection(SolutionProperties) = preSolution
		HideSolutionNode = FALSE
	EndGlobalSection
	GlobalSection(ExtensibilityGlobals) = postSolution
		SolutionGuid = {791D0BF6-5364-4C88-95E8-D19899F768C1}
	EndGlobalSection
EndGlobal
